// !$*UTF8*$!
{
	archiveVersion = 1;
	classes = {
	};
	objectVersion = 56;
	objects = {

/* Begin PBXBuildFile section */
		351D0E6E2A137B31006E367E /* AppDelegate.swift in Sources */ = {isa = PBXBuildFile; fileRef = 351D0E6D2A137B31006E367E /* AppDelegate.swift */; };
		351D0E702A137B31006E367E /* SceneDelegate.swift in Sources */ = {isa = PBXBuildFile; fileRef = 351D0E6F2A137B31006E367E /* SceneDelegate.swift */; };
		351D0E722A137B31006E367E /* ViewController.swift in Sources */ = {isa = PBXBuildFile; fileRef = 351D0E712A137B31006E367E /* ViewController.swift */; };
		351D0E752A137B31006E367E /* Main.storyboard in Resources */ = {isa = PBXBuildFile; fileRef = 351D0E732A137B31006E367E /* Main.storyboard */; };
		351D0E772A137B35006E367E /* Assets.xcassets in Resources */ = {isa = PBXBuildFile; fileRef = 351D0E762A137B35006E367E /* Assets.xcassets */; };
		351D0E7A2A137B35006E367E /* LaunchScreen.storyboard in Resources */ = {isa = PBXBuildFile; fileRef = 351D0E782A137B35006E367E /* LaunchScreen.storyboard */; };
		E8C64DD41F50458ED51B4150 /* libPods-step6.a in Frameworks */ = {isa = PBXBuildFile; fileRef = 57A2D3E7D1747FD7DAEC4D5A /* libPods-step6.a */; };
/* End PBXBuildFile section */

/* Begin PBXFileReference section */
		12B57D5C43B67D175DC8F69B /* Pods-step6.debug.xcconfig */ = {isa = PBXFileReference; includeInIndex = 1; lastKnownFileType = text.xcconfig; name = "Pods-step6.debug.xcconfig"; path = "Target Support Files/Pods-step6/Pods-step6.debug.xcconfig"; sourceTree = "<group>"; };
		351D0E6A2A137B31006E367E /* step6.app */ = {isa = PBXFileReference; explicitFileType = wrapper.application; includeInIndex = 0; path = step6.app; sourceTree = BUILT_PRODUCTS_DIR; };
		351D0E6D2A137B31006E367E /* AppDelegate.swift */ = {isa = PBXFileReference; lastKnownFileType = sourcecode.swift; path = AppDelegate.swift; sourceTree = "<group>"; };
		351D0E6F2A137B31006E367E /* SceneDelegate.swift */ = {isa = PBXFileReference; lastKnownFileType = sourcecode.swift; path = SceneDelegate.swift; sourceTree = "<group>"; };
		351D0E712A137B31006E367E /* ViewController.swift */ = {isa = PBXFileReference; lastKnownFileType = sourcecode.swift; path = ViewController.swift; sourceTree = "<group>"; };
		351D0E742A137B31006E367E /* Base */ = {isa = PBXFileReference; lastKnownFileType = file.storyboard; name = Base; path = Base.lproj/Main.storyboard; sourceTree = "<group>"; };
		351D0E762A137B35006E367E /* Assets.xcassets */ = {isa = PBXFileReference; lastKnownFileType = folder.assetcatalog; path = Assets.xcassets; sourceTree = "<group>"; };
		351D0E792A137B35006E367E /* Base */ = {isa = PBXFileReference; lastKnownFileType = file.storyboard; name = Base; path = Base.lproj/LaunchScreen.storyboard; sourceTree = "<group>"; };
		351D0E7B2A137B35006E367E /* Info.plist */ = {isa = PBXFileReference; lastKnownFileType = text.plist.xml; path = Info.plist; sourceTree = "<group>"; };
		57A2D3E7D1747FD7DAEC4D5A /* libPods-step6.a */ = {isa = PBXFileReference; explicitFileType = archive.ar; includeInIndex = 0; path = "libPods-step6.a"; sourceTree = BUILT_PRODUCTS_DIR; };
		9A4C01123371385751996D94 /* Pods-step6.release.xcconfig */ = {isa = PBXFileReference; includeInIndex = 1; lastKnownFileType = text.xcconfig; name = "Pods-step6.release.xcconfig"; path = "Target Support Files/Pods-step6/Pods-step6.release.xcconfig"; sourceTree = "<group>"; };
/* End PBXFileReference section */

/* Begin PBXFrameworksBuildPhase section */
		351D0E672A137B31006E367E /* Frameworks */ = {
			isa = PBXFrameworksBuildPhase;
			buildActionMask = 2147483647;
			files = (
				E8C64DD41F50458ED51B4150 /* libPods-step6.a in Frameworks */,
			);
			runOnlyForDeploymentPostprocessing = 0;
		};
/* End PBXFrameworksBuildPhase section */

/* Begin PBXGroup section */
		351D0E612A137B31006E367E = {
			isa = PBXGroup;
			children = (
				351D0E6C2A137B31006E367E /* step6 */,
				351D0E6B2A137B31006E367E /* Products */,
				742EC662E22FACF7EF5FF56D /* Pods */,
				DB3EE9DD0067FDC00B8BF7A9 /* Frameworks */,
			);
			sourceTree = "<group>";
		};
		351D0E6B2A137B31006E367E /* Products */ = {
			isa = PBXGroup;
			children = (
				351D0E6A2A137B31006E367E /* step6.app */,
			);
			name = Products;
			sourceTree = "<group>";
		};
		351D0E6C2A137B31006E367E /* step6 */ = {
			isa = PBXGroup;
			children = (
				351D0E6D2A137B31006E367E /* AppDelegate.swift */,
				351D0E6F2A137B31006E367E /* SceneDelegate.swift */,
				351D0E712A137B31006E367E /* ViewController.swift */,
				351D0E732A137B31006E367E /* Main.storyboard */,
				351D0E762A137B35006E367E /* Assets.xcassets */,
				351D0E782A137B35006E367E /* LaunchScreen.storyboard */,
				351D0E7B2A137B35006E367E /* Info.plist */,
			);
			path = step6;
			sourceTree = "<group>";
		};
		742EC662E22FACF7EF5FF56D /* Pods */ = {
			isa = PBXGroup;
			children = (
				12B57D5C43B67D175DC8F69B /* Pods-step6.debug.xcconfig */,
				9A4C01123371385751996D94 /* Pods-step6.release.xcconfig */,
			);
			name = Pods;
			path = Pods;
			sourceTree = "<group>";
		};
		DB3EE9DD0067FDC00B8BF7A9 /* Frameworks */ = {
			isa = PBXGroup;
			children = (
				57A2D3E7D1747FD7DAEC4D5A /* libPods-step6.a */,
			);
			name = Frameworks;
			sourceTree = "<group>";
		};
/* End PBXGroup section */

/* Begin PBXNativeTarget section */
		351D0E692A137B31006E367E /* step6 */ = {
			isa = PBXNativeTarget;
			buildConfigurationList = 351D0E7E2A137B35006E367E /* Build configuration list for PBXNativeTarget "step6" */;
			buildPhases = (
				8E2246C51A1AD16E0B609A90 /* [CP] Check Pods Manifest.lock */,
				351D0E662A137B31006E367E /* Sources */,
				351D0E672A137B31006E367E /* Frameworks */,
				351D0E682A137B31006E367E /* Resources */,
			);
			buildRules = (
			);
			dependencies = (
			);
			name = step6;
			productName = step6;
			productReference = 351D0E6A2A137B31006E367E /* step6.app */;
			productType = "com.apple.product-type.application";
		};
/* End PBXNativeTarget section */

/* Begin PBXProject section */
		351D0E622A137B31006E367E /* Project object */ = {
			isa = PBXProject;
			attributes = {
				BuildIndependentTargetsInParallel = 1;
				LastSwiftUpdateCheck = 1410;
				LastUpgradeCheck = 1410;
				TargetAttributes = {
					351D0E692A137B31006E367E = {
						CreatedOnToolsVersion = 14.1;
					};
				};
			};
			buildConfigurationList = 351D0E652A137B31006E367E /* Build configuration list for PBXProject "step6" */;
			compatibilityVersion = "Xcode 14.0";
			developmentRegion = en;
			hasScannedForEncodings = 0;
			knownRegions = (
				en,
				Base,
			);
			mainGroup = 351D0E612A137B31006E367E;
			productRefGroup = 351D0E6B2A137B31006E367E /* Products */;
			projectDirPath = "";
			projectRoot = "";
			targets = (
				351D0E692A137B31006E367E /* step6 */,
			);
		};
/* End PBXProject section */

/* Begin PBXResourcesBuildPhase section */
		351D0E682A137B31006E367E /* Resources */ = {
			isa = PBXResourcesBuildPhase;
			buildActionMask = 2147483647;
			files = (
				351D0E7A2A137B35006E367E /* LaunchScreen.storyboard in Resources */,
				351D0E772A137B35006E367E /* Assets.xcassets in Resources */,
				351D0E752A137B31006E367E /* Main.storyboard in Resources */,
			);
			runOnlyForDeploymentPostprocessing = 0;
		};
/* End PBXResourcesBuildPhase section */

/* Begin PBXShellScriptBuildPhase section */
		8E2246C51A1AD16E0B609A90 /* [CP] Check Pods Manifest.lock */ = {
			isa = PBXShellScriptBuildPhase;
			buildActionMask = 2147483647;
			files = (
			);
			inputFileListPaths = (
			);
			inputPaths = (
				"${PODS_PODFILE_DIR_PATH}/Podfile.lock",
				"${PODS_ROOT}/Manifest.lock",
			);
			name = "[CP] Check Pods Manifest.lock";
			outputFileListPaths = (
			);
			outputPaths = (
				"$(DERIVED_FILE_DIR)/Pods-step6-checkManifestLockResult.txt",
			);
			runOnlyForDeploymentPostprocessing = 0;
			shellPath = /bin/sh;
			shellScript = "diff \"${PODS_PODFILE_DIR_PATH}/Podfile.lock\" \"${PODS_ROOT}/Manifest.lock\" > /dev/null\nif [ $? != 0 ] ; then\n    # print error to STDERR\n    echo \"error: The sandbox is not in sync with the Podfile.lock. Run 'pod install' or update your CocoaPods installation.\" >&2\n    exit 1\nfi\n# This output is used by Xcode 'outputs' to avoid re-running this script phase.\necho \"SUCCESS\" > \"${SCRIPT_OUTPUT_FILE_0}\"\n";
			showEnvVarsInLog = 0;
		};
/* End PBXShellScriptBuildPhase section */

/* Begin PBXSourcesBuildPhase section */
		351D0E662A137B31006E367E /* Sources */ = {
			isa = PBXSourcesBuildPhase;
			buildActionMask = 2147483647;
			files = (
				351D0E722A137B31006E367E /* ViewController.swift in Sources */,
				351D0E6E2A137B31006E367E /* AppDelegate.swift in Sources */,
				351D0E702A137B31006E367E /* SceneDelegate.swift in Sources */,
			);
			runOnlyForDeploymentPostprocessing = 0;
		};
/* End PBXSourcesBuildPhase section */

/* Begin PBXVariantGroup section */
		351D0E732A137B31006E367E /* Main.storyboard */ = {
			isa = PBXVariantGroup;
			children = (
				351D0E742A137B31006E367E /* Base */,
			);
			name = Main.storyboard;
			sourceTree = "<group>";
		};
		351D0E782A137B35006E367E /* LaunchScreen.storyboard */ = {
			isa = PBXVariantGroup;
			children = (
				351D0E792A137B35006E367E /* Base */,
			);
			name = LaunchScreen.storyboard;
			sourceTree = "<group>";
		};
/* End PBXVariantGroup section */

/* Begin XCBuildConfiguration section */
		351D0E7C2A137B35006E367E /* Debug */ = {
			isa = XCBuildConfiguration;
			buildSettings = {
				ALWAYS_SEARCH_USER_PATHS = NO;
				CLANG_ANALYZER_NONNULL = YES;
				CLANG_ANALYZER_NUMBER_OBJECT_CONVERSION = YES_AGGRESSIVE;
				CLANG_CXX_LANGUAGE_STANDARD = "gnu++20";
				CLANG_ENABLE_MODULES = YES;
				CLANG_ENABLE_OBJC_ARC = YES;
				CLANG_ENABLE_OBJC_WEAK = YES;
				CLANG_WARN_BLOCK_CAPTURE_AUTORELEASING = YES;
				CLANG_WARN_BOOL_CONVERSION = YES;
				CLANG_WARN_COMMA = YES;
				CLANG_WARN_CONSTANT_CONVERSION = YES;
				CLANG_WARN_DEPRECATED_OBJC_IMPLEMENTATIONS = YES;
				CLANG_WARN_DIRECT_OBJC_ISA_USAGE = YES_ERROR;
				CLANG_WARN_DOCUMENTATION_COMMENTS = YES;
				CLANG_WARN_EMPTY_BODY = YES;
				CLANG_WARN_ENUM_CONVERSION = YES;
				CLANG_WARN_INFINITE_RECURSION = YES;
				CLANG_WARN_INT_CONVERSION = YES;
				CLANG_WARN_NON_LITERAL_NULL_CONVERSION = YES;
				CLANG_WARN_OBJC_IMPLICIT_RETAIN_SELF = YES;
				CLANG_WARN_OBJC_LITERAL_CONVERSION = YES;
				CLANG_WARN_OBJC_ROOT_CLASS = YES_ERROR;
				CLANG_WARN_QUOTED_INCLUDE_IN_FRAMEWORK_HEADER = YES;
				CLANG_WARN_RANGE_LOOP_ANALYSIS = YES;
				CLANG_WARN_STRICT_PROTOTYPES = YES;
				CLANG_WARN_SUSPICIOUS_MOVE = YES;
				CLANG_WARN_UNGUARDED_AVAILABILITY = YES_AGGRESSIVE;
				CLANG_WARN_UNREACHABLE_CODE = YES;
				CLANG_WARN__DUPLICATE_METHOD_MATCH = YES;
				COPY_PHASE_STRIP = NO;
				DEBUG_INFORMATION_FORMAT = dwarf;
				ENABLE_STRICT_OBJC_MSGSEND = YES;
				ENABLE_TESTABILITY = YES;
				GCC_C_LANGUAGE_STANDARD = gnu11;
				GCC_DYNAMIC_NO_PIC = NO;
				GCC_NO_COMMON_BLOCKS = YES;
				GCC_OPTIMIZATION_LEVEL = 0;
				GCC_PREPROCESSOR_DEFINITIONS = (
					"DEBUG=1",
					"$(inherited)",
				);
				GCC_WARN_64_TO_32_BIT_CONVERSION = YES;
				GCC_WARN_ABOUT_RETURN_TYPE = YES_ERROR;
				GCC_WARN_UNDECLARED_SELECTOR = YES;
				GCC_WARN_UNINITIALIZED_AUTOS = YES_AGGRESSIVE;
				GCC_WARN_UNUSED_FUNCTION = YES;
				GCC_WARN_UNUSED_VARIABLE = YES;
				IPHONEOS_DEPLOYMENT_TARGET = 16.1;
				MTL_ENABLE_DEBUG_INFO = INCLUDE_SOURCE;
				MTL_FAST_MATH = YES;
				ONLY_ACTIVE_ARCH = YES;
				SDKROOT = iphoneos;
				SWIFT_ACTIVE_COMPILATION_CONDITIONS = DEBUG;
				SWIFT_OPTIMIZATION_LEVEL = "-Onone";
			};
			name = Debug;
		};
		351D0E7D2A137B35006E367E /* Release */ = {
			isa = XCBuildConfiguration;
			buildSettings = {
				ALWAYS_SEARCH_USER_PATHS = NO;
				CLANG_ANALYZER_NONNULL = YES;
				CLANG_ANALYZER_NUMBER_OBJECT_CONVERSION = YES_AGGRESSIVE;
				CLANG_CXX_LANGUAGE_STANDARD = "gnu++20";
				CLANG_ENABLE_MODULES = YES;
				CLANG_ENABLE_OBJC_ARC = YES;
				CLANG_ENABLE_OBJC_WEAK = YES;
				CLANG_WARN_BLOCK_CAPTURE_AUTORELEASING = YES;
				CLANG_WARN_BOOL_CONVERSION = YES;
				CLANG_WARN_COMMA = YES;
				CLANG_WARN_CONSTANT_CONVERSION = YES;
				CLANG_WARN_DEPRECATED_OBJC_IMPLEMENTATIONS = YES;
				CLANG_WARN_DIRECT_OBJC_ISA_USAGE = YES_ERROR;
				CLANG_WARN_DOCUMENTATION_COMMENTS = YES;
				CLANG_WARN_EMPTY_BODY = YES;
				CLANG_WARN_ENUM_CONVERSION = YES;
				CLANG_WARN_INFINITE_RECURSION = YES;
				CLANG_WARN_INT_CONVERSION = YES;
				CLANG_WARN_NON_LITERAL_NULL_CONVERSION = YES;
				CLANG_WARN_OBJC_IMPLICIT_RETAIN_SELF = YES;
				CLANG_WARN_OBJC_LITERAL_CONVERSION = YES;
				CLANG_WARN_OBJC_ROOT_CLASS = YES_ERROR;
				CLANG_WARN_QUOTED_INCLUDE_IN_FRAMEWORK_HEADER = YES;
				CLANG_WARN_RANGE_LOOP_ANALYSIS = YES;
				CLANG_WARN_STRICT_PROTOTYPES = YES;
				CLANG_WARN_SUSPICIOUS_MOVE = YES;
				CLANG_WARN_UNGUARDED_AVAILABILITY = YES_AGGRESSIVE;
				CLANG_WARN_UNREACHABLE_CODE = YES;
				CLANG_WARN__DUPLICATE_METHOD_MATCH = YES;
				COPY_PHASE_STRIP = NO;
				DEBUG_INFORMATION_FORMAT = "dwarf-with-dsym";
				ENABLE_NS_ASSERTIONS = NO;
				ENABLE_STRICT_OBJC_MSGSEND = YES;
				GCC_C_LANGUAGE_STANDARD = gnu11;
				GCC_NO_COMMON_BLOCKS = YES;
				GCC_WARN_64_TO_32_BIT_CONVERSION = YES;
				GCC_WARN_ABOUT_RETURN_TYPE = YES_ERROR;
				GCC_WARN_UNDECLARED_SELECTOR = YES;
				GCC_WARN_UNINITIALIZED_AUTOS = YES_AGGRESSIVE;
				GCC_WARN_UNUSED_FUNCTION = YES;
				GCC_WARN_UNUSED_VARIABLE = YES;
				IPHONEOS_DEPLOYMENT_TARGET = 16.1;
				MTL_ENABLE_DEBUG_INFO = NO;
				MTL_FAST_MATH = YES;
				SDKROOT = iphoneos;
				SWIFT_COMPILATION_MODE = wholemodule;
				SWIFT_OPTIMIZATION_LEVEL = "-O";
				VALIDATE_PRODUCT = YES;
			};
			name = Release;
		};
		351D0E7F2A137B35006E367E /* Debug */ = {
			isa = XCBuildConfiguration;
			baseConfigurationReference = 12B57D5C43B67D175DC8F69B /* Pods-step6.debug.xcconfig */;
			buildSettings = {
				ASSETCATALOG_COMPILER_APPICON_NAME = AppIcon;
				ASSETCATALOG_COMPILER_GLOBAL_ACCENT_COLOR_NAME = AccentColor;
				CODE_SIGN_STYLE = Automatic;
				CURRENT_PROJECT_VERSION = 1;
				DEVELOPMENT_TEAM = R37S426U66;
				GENERATE_INFOPLIST_FILE = YES;
				INFOPLIST_FILE = step6/Info.plist;
				INFOPLIST_KEY_UIApplicationSupportsIndirectInputEvents = YES;
				INFOPLIST_KEY_UILaunchStoryboardName = LaunchScreen;
				INFOPLIST_KEY_UIMainStoryboardFile = Main;
				INFOPLIST_KEY_UISupportedInterfaceOrientations_iPad = "UIInterfaceOrientationPortrait UIInterfaceOrientationPortraitUpsideDown UIInterfaceOrientationLandscapeLeft UIInterfaceOrientationLandscapeRight";
				INFOPLIST_KEY_UISupportedInterfaceOrientations_iPhone = "UIInterfaceOrientationPortrait UIInterfaceOrientationLandscapeLeft UIInterfaceOrientationLandscapeRight";
				LD_RUNPATH_SEARCH_PATHS = (
					"$(inherited)",
					"@executable_path/Frameworks",
				);
				MARKETING_VERSION = 1.0;
				PRODUCT_BUNDLE_IDENTIFIER = volnikov.step6;
				PRODUCT_NAME = "$(TARGET_NAME)";
				SWIFT_EMIT_LOC_STRINGS = YES;
				SWIFT_VERSION = 5.0;
				TARGETED_DEVICE_FAMILY = "1,2";
			};
			name = Debug;
		};
		351D0E802A137B35006E367E /* Release */ = {
			isa = XCBuildConfiguration;
			baseConfigurationReference = 9A4C01123371385751996D94 /* Pods-step6.release.xcconfig */;
			buildSettings = {
				ASSETCATALOG_COMPILER_APPICON_NAME = AppIcon;
				ASSETCATALOG_COMPILER_GLOBAL_ACCENT_COLOR_NAME = AccentColor;
				CODE_SIGN_STYLE = Automatic;
				CURRENT_PROJECT_VERSION = 1;
				DEVELOPMENT_TEAM = R37S426U66;
				GENERATE_INFOPLIST_FILE = YES;
				INFOPLIST_FILE = step6/Info.plist;
				INFOPLIST_KEY_UIApplicationSupportsIndirectInputEvents = YES;
				INFOPLIST_KEY_UILaunchStoryboardName = LaunchScreen;
				INFOPLIST_KEY_UIMainStoryboardFile = Main;
				INFOPLIST_KEY_UISupportedInterfaceOrientations_iPad = "UIInterfaceOrientationPortrait UIInterfaceOrientationPortraitUpsideDown UIInterfaceOrientationLandscapeLeft UIInterfaceOrientationLandscapeRight";
				INFOPLIST_KEY_UISupportedInterfaceOrientations_iPhone = "UIInterfaceOrientationPortrait UIInterfaceOrientationLandscapeLeft UIInterfaceOrientationLandscapeRight";
				LD_RUNPATH_SEARCH_PATHS = (
					"$(inherited)",
					"@executable_path/Frameworks",
				);
				MARKETING_VERSION = 1.0;
				PRODUCT_BUNDLE_IDENTIFIER = volnikov.step6;
				PRODUCT_NAME = "$(TARGET_NAME)";
				SWIFT_EMIT_LOC_STRINGS = YES;
				SWIFT_VERSION = 5.0;
				TARGETED_DEVICE_FAMILY = "1,2";
			};
			name = Release;
		};
/* End XCBuildConfiguration section */

/* Begin XCConfigurationList section */
		351D0E652A137B31006E367E /* Build configuration list for PBXProject "step6" */ = {
			isa = XCConfigurationList;
			buildConfigurations = (
				351D0E7C2A137B35006E367E /* Debug */,
				351D0E7D2A137B35006E367E /* Release */,
			);
			defaultConfigurationIsVisible = 0;
			defaultConfigurationName = Release;
		};
		351D0E7E2A137B35006E367E /* Build configuration list for PBXNativeTarget "step6" */ = {
			isa = XCConfigurationList;
			buildConfigurations = (
				351D0E7F2A137B35006E367E /* Debug */,
				351D0E802A137B35006E367E /* Release */,
			);
			defaultConfigurationIsVisible = 0;
			defaultConfigurationName = Release;
		};
/* End XCConfigurationList section */
	};
	rootObject = 351D0E622A137B31006E367E /* Project object */;
}
